// !$*UTF8*$!
{
	archiveVersion = 1;
	classes = {
	};
	objectVersion = 46;
	objects = {

/* Begin PBXBuildFile section */
		53D342C71C7778DD00459DEA /* AppDelegate.swift in Sources */ = {isa = PBXBuildFile; fileRef = 53D342C61C7778DD00459DEA /* AppDelegate.swift */; };
		53D342C91C7778DD00459DEA /* HomeViewController.swift in Sources */ = {isa = PBXBuildFile; fileRef = 53D342C81C7778DD00459DEA /* HomeViewController.swift */; };
		53D342CC1C7778DD00459DEA /* Main.storyboard in Resources */ = {isa = PBXBuildFile; fileRef = 53D342CA1C7778DD00459DEA /* Main.storyboard */; };
		53D342CE1C7778DD00459DEA /* Assets.xcassets in Resources */ = {isa = PBXBuildFile; fileRef = 53D342CD1C7778DD00459DEA /* Assets.xcassets */; };
		53D342D11C7778DD00459DEA /* LaunchScreen.storyboard in Resources */ = {isa = PBXBuildFile; fileRef = 53D342CF1C7778DD00459DEA /* LaunchScreen.storyboard */; };
/* End PBXBuildFile section */

/* Begin PBXFileReference section */
		53D342C31C7778DD00459DEA /* CatAge.app */ = {isa = PBXFileReference; explicitFileType = wrapper.application; includeInIndex = 0; path = CatAge.app; sourceTree = BUILT_PRODUCTS_DIR; };
		53D342C61C7778DD00459DEA /* AppDelegate.swift */ = {isa = PBXFileReference; lastKnownFileType = sourcecode.swift; path = AppDelegate.swift; sourceTree = "<group>"; };
		53D342C81C7778DD00459DEA /* HomeViewController.swift */ = {isa = PBXFileReference; lastKnownFileType = sourcecode.swift; path = HomeViewController.swift; sourceTree = "<group>"; };
		53D342CB1C7778DD00459DEA /* Base */ = {isa = PBXFileReference; lastKnownFileType = file.storyboard; name = Base; path = Base.lproj/Main.storyboard; sourceTree = "<group>"; };
		53D342CD1C7778DD00459DEA /* Assets.xcassets */ = {isa = PBXFileReference; lastKnownFileType = folder.assetcatalog; path = Assets.xcassets; sourceTree = "<group>"; };
		53D342D01C7778DD00459DEA /* Base */ = {isa = PBXFileReference; lastKnownFileType = file.storyboard; name = Base; path = Base.lproj/LaunchScreen.storyboard; sourceTree = "<group>"; };
		53D342D21C7778DD00459DEA /* Info.plist */ = {isa = PBXFileReference; lastKnownFileType = text.plist.xml; path = Info.plist; sourceTree = "<group>"; };
/* End PBXFileReference section */

/* Begin PBXFrameworksBuildPhase section */
		53D342C01C7778DD00459DEA /* Frameworks */ = {
			isa = PBXFrameworksBuildPhase;
			buildActionMask = 2147483647;
			files = (
			);
			runOnlyForDeploymentPostprocessing = 0;
		};
/* End PBXFrameworksBuildPhase section */

/* Begin PBXGroup section */
		53D342BA1C7778DD00459DEA = {
			isa = PBXGroup;
			children = (
				53D342C51C7778DD00459DEA /* CatAge */,
				53D342C41C7778DD00459DEA /* Products */,
			);
			sourceTree = "<group>";
		};
		53D342C41C7778DD00459DEA /* Products */ = {
			isa = PBXGroup;
			children = (
				53D342C31C7778DD00459DEA /* CatAge.app */,
			);
			name = Products;
			sourceTree = "<group>";
		};
		53D342C51C7778DD00459DEA /* CatAge */ = {
			isa = PBXGroup;
			children = (
				53D342D81C77799300459DEA /* Common */,
				53D342D91C77799700459DEA /* Storyboards */,
				53D342DA1C77799F00459DEA /* ViewControllers */,
				53D342CD1C7778DD00459DEA /* Assets.xcassets */,
				53D342D21C7778DD00459DEA /* Info.plist */,
			);
			path = CatAge;
			sourceTree = "<group>";
		};
		53D342D81C77799300459DEA /* Common */ = {
			isa = PBXGroup;
			children = (
				53D342C61C7778DD00459DEA /* AppDelegate.swift */,
			);
			path = Common;
			sourceTree = "<group>";
		};
		53D342D91C77799700459DEA /* Storyboards */ = {
			isa = PBXGroup;
			children = (
				53D342CF1C7778DD00459DEA /* LaunchScreen.storyboard */,
				53D342CA1C7778DD00459DEA /* Main.storyboard */,
			);
			path = Storyboards;
			sourceTree = "<group>";
		};
		53D342DA1C77799F00459DEA /* ViewControllers */ = {
			isa = PBXGroup;
			children = (
				53D342C81C7778DD00459DEA /* HomeViewController.swift */,
			);
			path = ViewControllers;
			sourceTree = "<group>";
		};
/* End PBXGroup section */

/* Begin PBXNativeTarget section */
		53D342C21C7778DD00459DEA /* CatAge */ = {
			isa = PBXNativeTarget;
			buildConfigurationList = 53D342D51C7778DD00459DEA /* Build configuration list for PBXNativeTarget "CatAge" */;
			buildPhases = (
				53D342BF1C7778DD00459DEA /* Sources */,
				53D342C01C7778DD00459DEA /* Frameworks */,
				53D342C11C7778DD00459DEA /* Resources */,
			);
			buildRules = (
			);
			dependencies = (
			);
			name = CatAge;
			productName = CatAge;
			productReference = 53D342C31C7778DD00459DEA /* CatAge.app */;
			productType = "com.apple.product-type.application";
		};
/* End PBXNativeTarget section */

/* Begin PBXProject section */
		53D342BB1C7778DD00459DEA /* Project object */ = {
			isa = PBXProject;
			attributes = {
				LastSwiftUpdateCheck = 0720;
				LastUpgradeCheck = 0720;
				ORGANIZATIONNAME = "Data Empire";
				TargetAttributes = {
					53D342C21C7778DD00459DEA = {
						CreatedOnToolsVersion = 7.2.1;
						DevelopmentTeam = LQ5WW9469F;
					};
				};
			};
			buildConfigurationList = 53D342BE1C7778DD00459DEA /* Build configuration list for PBXProject "CatAge" */;
			compatibilityVersion = "Xcode 3.2";
			developmentRegion = English;
			hasScannedForEncodings = 0;
			knownRegions = (
				en,
				Base,
			);
			mainGroup = 53D342BA1C7778DD00459DEA;
			productRefGroup = 53D342C41C7778DD00459DEA /* Products */;
			projectDirPath = "";
			projectRoot = "";
			targets = (
				53D342C21C7778DD00459DEA /* CatAge */,
			);
		};
/* End PBXProject section */

/* Begin PBXResourcesBuildPhase section */
		53D342C11C7778DD00459DEA /* Resources */ = {
			isa = PBXResourcesBuildPhase;
			buildActionMask = 2147483647;
			files = (
				53D342D11C7778DD00459DEA /* LaunchScreen.storyboard in Resources */,
				53D342CE1C7778DD00459DEA /* Assets.xcassets in Resources */,
				53D342CC1C7778DD00459DEA /* Main.storyboard in Resources */,
			);
			runOnlyForDeploymentPostprocessing = 0;
		};
/* End PBXResourcesBuildPhase section */

/* Begin PBXSourcesBuildPhase section */
		53D342BF1C7778DD00459DEA /* Sources */ = {
			isa = PBXSourcesBuildPhase;
			buildActionMask = 2147483647;
			files = (
				53D342C91C7778DD00459DEA /* HomeViewController.swift in Sources */,
				53D342C71C7778DD00459DEA /* AppDelegate.swift in Sources */,
			);
			runOnlyForDeploymentPostprocessing = 0;
		};
/* End PBXSourcesBuildPhase section */

/* Begin PBXVariantGroup section */
		53D342CA1C7778DD00459DEA /* Main.storyboard */ = {
			isa = PBXVariantGroup;
			children = (
				53D342CB1C7778DD00459DEA /* Base */,
			);
			name = Main.storyboard;
			path = .;
			sourceTree = "<group>";
		};
		53D342CF1C7778DD00459DEA /* LaunchScreen.storyboard */ = {
			isa = PBXVariantGroup;
			children = (
				53D342D01C7778DD00459DEA /* Base */,
			);
			name = LaunchScreen.storyboard;
			path = .;
			sourceTree = "<group>";
		};
/* End PBXVariantGroup section */

/* Begin XCBuildConfiguration section */
		53D342D31C7778DD00459DEA /* Debug */ = {
			isa = XCBuildConfiguration;
			buildSettings = {
				ALWAYS_SEARCH_USER_PATHS = NO;
				CLANG_CXX_LANGUAGE_STANDARD = "gnu++0x";
				CLANG_CXX_LIBRARY = "libc++";
				CLANG_ENABLE_MODULES = YES;
				CLANG_ENABLE_OBJC_ARC = YES;
				CLANG_WARN_BOOL_CONVERSION = YES;
				CLANG_WARN_CONSTANT_CONVERSION = YES;
				CLANG_WARN_DIRECT_OBJC_ISA_USAGE = YES_ERROR;
				CLANG_WARN_EMPTY_BODY = YES;
				CLANG_WARN_ENUM_CONVERSION = YES;
				CLANG_WARN_INT_CONVERSION = YES;
				CLANG_WARN_OBJC_ROOT_CLASS = YES_ERROR;
				CLANG_WARN_UNREACHABLE_CODE = YES;
				CLANG_WARN__DUPLICATE_METHOD_MATCH = YES;
				"CODE_SIGN_IDENTITY[sdk=iphoneos*]" = "iPhone Developer";
				COPY_PHASE_STRIP = NO;
				DEBUG_INFORMATION_FORMAT = dwarf;
				ENABLE_STRICT_OBJC_MSGSEND = YES;
				ENABLE_TESTABILITY = YES;
				GCC_C_LANGUAGE_STANDARD = gnu99;
				GCC_DYNAMIC_NO_PIC = NO;
				GCC_NO_COMMON_BLOCKS = YES;
				GCC_OPTIMIZATION_LEVEL = 0;
				GCC_PREPROCESSOR_DEFINITIONS = (
					"DEBUG=1",
					"$(inherited)",
				);
				GCC_WARN_64_TO_32_BIT_CONVERSION = YES;
				GCC_WARN_ABOUT_RETURN_TYPE = YES_ERROR;
				GCC_WARN_UNDECLARED_SELECTOR = YES;
				GCC_WARN_UNINITIALIZED_AUTOS = YES_AGGRESSIVE;
				GCC_WARN_UNUSED_FUNCTION = YES;
				GCC_WARN_UNUSED_VARIABLE = YES;
				IPHONEOS_DEPLOYMENT_TARGET = 9.2;
				MTL_ENABLE_DEBUG_INFO = YES;
				ONLY_ACTIVE_ARCH = YES;
				SDKROOT = iphoneos;
				SWIFT_OPTIMIZATION_LEVEL = "-Onone";
				TARGETED_DEVICE_FAMILY = "1,2";
			};
			name = Debug;
		};
		53D342D41C7778DD00459DEA /* Release */ = {
			isa = XCBuildConfiguration;
			buildSettings = {
				ALWAYS_SEARCH_USER_PATHS = NO;
				CLANG_CXX_LANGUAGE_STANDARD = "gnu++0x";
				CLANG_CXX_LIBRARY = "libc++";
				CLANG_ENABLE_MODULES = YES;
				CLANG_ENABLE_OBJC_ARC = YES;
				CLANG_WARN_BOOL_CONVERSION = YES;
				CLANG_WARN_CONSTANT_CONVERSION = YES;
				CLANG_WARN_DIRECT_OBJC_ISA_USAGE = YES_ERROR;
				CLANG_WARN_EMPTY_BODY = YES;
				CLANG_WARN_ENUM_CONVERSION = YES;
				CLANG_WARN_INT_CONVERSION = YES;
				CLANG_WARN_OBJC_ROOT_CLASS = YES_ERROR;
				CLANG_WARN_UNREACHABLE_CODE = YES;
				CLANG_WARN__DUPLICATE_METHOD_MATCH = YES;
				"CODE_SIGN_IDENTITY[sdk=iphoneos*]" = "iPhone Developer";
				COPY_PHASE_STRIP = NO;
				DEBUG_INFORMATION_FORMAT = "dwarf-with-dsym";
				ENABLE_NS_ASSERTIONS = NO;
				ENABLE_STRICT_OBJC_MSGSEND = YES;
				GCC_C_LANGUAGE_STANDARD = gnu99;
				GCC_NO_COMMON_BLOCKS = YES;
				GCC_WARN_64_TO_32_BIT_CONVERSION = YES;
				GCC_WARN_ABOUT_RETURN_TYPE = YES_ERROR;
				GCC_WARN_UNDECLARED_SELECTOR = YES;
				GCC_WARN_UNINITIALIZED_AUTOS = YES_AGGRESSIVE;
				GCC_WARN_UNUSED_FUNCTION = YES;
				GCC_WARN_UNUSED_VARIABLE = YES;
				IPHONEOS_DEPLOYMENT_TARGET = 9.2;
				MTL_ENABLE_DEBUG_INFO = NO;
				SDKROOT = iphoneos;
				TARGETED_DEVICE_FAMILY = "1,2";
				VALIDATE_PRODUCT = YES;
			};
			name = Release;
		};
		53D342D61C7778DD00459DEA /* Debug */ = {
			isa = XCBuildConfiguration;
			buildSettings = {
				ASSETCATALOG_COMPILER_APPICON_NAME = AppIcon;
				CODE_SIGN_IDENTITY = "iPhone Developer";
				INFOPLIST_FILE = CatAge/Info.plist;
				LD_RUNPATH_SEARCH_PATHS = "$(inherited) @executable_path/Frameworks";
				PRODUCT_BUNDLE_IDENTIFIER = info.dataempire.CatAge;
				PRODUCT_NAME = "$(TARGET_NAME)";
			};
			name = Debug;
		};
		53D342D71C7778DD00459DEA /* Release */ = {
			isa = XCBuildConfiguration;
			buildSettings = {
				ASSETCATALOG_COMPILER_APPICON_NAME = AppIcon;
				CODE_SIGN_IDENTITY = "iPhone Developer";
				INFOPLIST_FILE = CatAge/Info.plist;
				LD_RUNPATH_SEARCH_PATHS = "$(inherited) @executable_path/Frameworks";
				PRODUCT_BUNDLE_IDENTIFIER = info.dataempire.CatAge;
				PRODUCT_NAME = "$(TARGET_NAME)";
			};
			name = Release;
		};
/* End XCBuildConfiguration section */

/* Begin XCConfigurationList section */
		53D342BE1C7778DD00459DEA /* Build configuration list for PBXProject "CatAge" */ = {
			isa = XCConfigurationList;
			buildConfigurations = (
				53D342D31C7778DD00459DEA /* Debug */,
				53D342D41C7778DD00459DEA /* Release */,
			);
			defaultConfigurationIsVisible = 0;
			defaultConfigurationName = Release;
		};
		53D342D51C7778DD00459DEA /* Build configuration list for PBXNativeTarget "CatAge" */ = {
			isa = XCConfigurationList;
			buildConfigurations = (
				53D342D61C7778DD00459DEA /* Debug */,
				53D342D71C7778DD00459DEA /* Release */,
			);
			defaultConfigurationIsVisible = 0;
			defaultConfigurationName = Release;
		};
/* End XCConfigurationList section */
	};
	rootObject = 53D342BB1C7778DD00459DEA /* Project object */;
}
